
Microsoft Visual Studio Solution File, Format Version 12.00
# Visual Studio Version 17
VisualStudioVersion = 17.7.34009.444
MinimumVisualStudioVersion = 10.0.40219.1
Project("{FAE04EC0-301F-11D3-BF4B-00C04F79EFBC}") = "ApiConsumer_DragonBallApi", "ApiConsumer_DragonBallApi\ApiConsumer_DragonBallApi.csproj", "{8FF1EF1E-9304-4493-9417-D521119316BA}"
EndProject
Global
	GlobalSection(SolutionConfigurationPlatforms) = preSolution
		Debug|Any CPU = Debug|Any CPU
		Release|Any CPU = Release|Any CPU
	EndGlobalSection
	GlobalSection(ProjectConfigurationPlatforms) = postSolution
		{8FF1EF1E-9304-4493-9417-D521119316BA}.Debug|Any CPU.ActiveCfg = Debug|Any CPU
		{8FF1EF1E-9304-4493-9417-D521119316BA}.Debug|Any CPU.Build.0 = Debug|Any CPU
		{8FF1EF1E-9304-4493-9417-D521119316BA}.Release|Any CPU.ActiveCfg = Release|Any CPU
		{8FF1EF1E-9304-4493-9417-D521119316BA}.Release|Any CPU.Build.0 = Release|Any CPU
	EndGlobalSection
	GlobalSection(SolutionProperties) = preSolution
		HideSolutionNode = FALSE
	EndGlobalSection
	GlobalSection(ExtensibilityGlobals) = postSolution
		SolutionGuid = {37A08EC7-E53B-466D-92FC-3D3AB2B396A9}
	EndGlobalSection
EndGlobal
